
Microsoft Visual Studio Solution File, Format Version 12.00
Project("{FAE04EC0-301F-11D3-BF4B-00C04F79EFBC}") = "Billing.Backend", "Billing.Backend\Billing.Backend.csproj", "{7BBC1051-3755-4CD1-8E80-9F8190EE46B3}"
EndProject
Project("{FAE04EC0-301F-11D3-BF4B-00C04F79EFBC}") = "Billing.Backend.Tests", "Billing.Backend.Tests\Billing.Backend.Tests.csproj", "{06103FAD-A35E-42D1-B366-565F754442DD}"
EndProject
Global
	GlobalSection(SolutionConfigurationPlatforms) = preSolution
		Debug|Any CPU = Debug|Any CPU
		Release|Any CPU = Release|Any CPU
	EndGlobalSection
	GlobalSection(ProjectConfigurationPlatforms) = postSolution
		{7BBC1051-3755-4CD1-8E80-9F8190EE46B3}.Debug|Any CPU.ActiveCfg = Debug|Any CPU
		{7BBC1051-3755-4CD1-8E80-9F8190EE46B3}.Debug|Any CPU.Build.0 = Debug|Any CPU
		{7BBC1051-3755-4CD1-8E80-9F8190EE46B3}.Release|Any CPU.ActiveCfg = Release|Any CPU
		{7BBC1051-3755-4CD1-8E80-9F8190EE46B3}.Release|Any CPU.Build.0 = Release|Any CPU
		{06103FAD-A35E-42D1-B366-565F754442DD}.Debug|Any CPU.ActiveCfg = Debug|Any CPU
		{06103FAD-A35E-42D1-B366-565F754442DD}.Debug|Any CPU.Build.0 = Debug|Any CPU
		{06103FAD-A35E-42D1-B366-565F754442DD}.Release|Any CPU.ActiveCfg = Release|Any CPU
		{06103FAD-A35E-42D1-B366-565F754442DD}.Release|Any CPU.Build.0 = Release|Any CPU
	EndGlobalSection
EndGlobal
